
Microsoft Visual Studio Solution File, Format Version 12.00
# Visual Studio Version 17
VisualStudioVersion = 17.4.33122.133
MinimumVisualStudioVersion = 10.0.40219.1
Project("{FAE04EC0-301F-11D3-BF4B-00C04F79EFBC}") = "Odev.CRUD.Mongo", "Odev.CRUD.Mongo\Odev.CRUD.Mongo.csproj", "{EB00769D-D005-4932-9025-C670BA4453A5}"
EndProject
Global
	GlobalSection(SolutionConfigurationPlatforms) = preSolution
		Debug|Any CPU = Debug|Any CPU
		Release|Any CPU = Release|Any CPU
	EndGlobalSection
	GlobalSection(ProjectConfigurationPlatforms) = postSolution
		{EB00769D-D005-4932-9025-C670BA4453A5}.Debug|Any CPU.ActiveCfg = Debug|Any CPU
		{EB00769D-D005-4932-9025-C670BA4453A5}.Debug|Any CPU.Build.0 = Debug|Any CPU
		{EB00769D-D005-4932-9025-C670BA4453A5}.Release|Any CPU.ActiveCfg = Release|Any CPU
		{EB00769D-D005-4932-9025-C670BA4453A5}.Release|Any CPU.Build.0 = Release|Any CPU
	EndGlobalSection
	GlobalSection(SolutionProperties) = preSolution
		HideSolutionNode = FALSE
	EndGlobalSection
	GlobalSection(ExtensibilityGlobals) = postSolution
		SolutionGuid = {0CE631A6-DA07-47C4-946E-0B1438162290}
	EndGlobalSection
EndGlobal
